
Microsoft Visual Studio Solution File, Format Version 12.00
# Visual Studio 15
VisualStudioVersion = 15.0.28307.852
MinimumVisualStudioVersion = 10.0.40219.1
Project("{8BC9CEB8-8B4A-11D0-8D11-00A0C91BC942}") = "mp2-lab-Polinom", "mp2-lab-Polinom\mp2-lab-Polinom.vcxproj", "{6C397B30-D562-452E-AAED-CC1AD4E002AD}"
EndProject
Project("{8BC9CEB8-8B4A-11D0-8D11-00A0C91BC942}") = "Test_Polynom", "Test_Polynom\Test_Polynom.vcxproj", "{B84171A8-02A5-4435-B2A0-233E1B72E609}"
EndProject
Global
	GlobalSection(SolutionConfigurationPlatforms) = preSolution
		Debug|x64 = Debug|x64
		Debug|x86 = Debug|x86
		Release|x64 = Release|x64
		Release|x86 = Release|x86
	EndGlobalSection
	GlobalSection(ProjectConfigurationPlatforms) = postSolution
		{6C397B30-D562-452E-AAED-CC1AD4E002AD}.Debug|x64.ActiveCfg = Debug|x64
		{6C397B30-D562-452E-AAED-CC1AD4E002AD}.Debug|x64.Build.0 = Debug|x64
		{6C397B30-D562-452E-AAED-CC1AD4E002AD}.Debug|x86.ActiveCfg = Debug|Win32
		{6C397B30-D562-452E-AAED-CC1AD4E002AD}.Debug|x86.Build.0 = Debug|Win32
		{6C397B30-D562-452E-AAED-CC1AD4E002AD}.Release|x64.ActiveCfg = Release|x64
		{6C397B30-D562-452E-AAED-CC1AD4E002AD}.Release|x64.Build.0 = Release|x64
		{6C397B30-D562-452E-AAED-CC1AD4E002AD}.Release|x86.ActiveCfg = Release|Win32
		{6C397B30-D562-452E-AAED-CC1AD4E002AD}.Release|x86.Build.0 = Release|Win32
		{B84171A8-02A5-4435-B2A0-233E1B72E609}.Debug|x64.ActiveCfg = Debug|x64
		{B84171A8-02A5-4435-B2A0-233E1B72E609}.Debug|x64.Build.0 = Debug|x64
		{B84171A8-02A5-4435-B2A0-233E1B72E609}.Debug|x86.ActiveCfg = Debug|Win32
		{B84171A8-02A5-4435-B2A0-233E1B72E609}.Debug|x86.Build.0 = Debug|Win32
		{B84171A8-02A5-4435-B2A0-233E1B72E609}.Release|x64.ActiveCfg = Release|x64
		{B84171A8-02A5-4435-B2A0-233E1B72E609}.Release|x64.Build.0 = Release|x64
		{B84171A8-02A5-4435-B2A0-233E1B72E609}.Release|x86.ActiveCfg = Release|Win32
		{B84171A8-02A5-4435-B2A0-233E1B72E609}.Release|x86.Build.0 = Release|Win32
	EndGlobalSection
	GlobalSection(SolutionProperties) = preSolution
		HideSolutionNode = FALSE
	EndGlobalSection
	GlobalSection(ExtensibilityGlobals) = postSolution
		SolutionGuid = {5895F37B-8F37-48F9-8F8F-41D6EB4152AE}
	EndGlobalSection
EndGlobal
